
Microsoft Visual Studio Solution File, Format Version 12.00
# Blend for Visual Studio 15
VisualStudioVersion = 15.0.27130.2010
MinimumVisualStudioVersion = 10.0.40219.1
Project("{2150E333-8FDC-42A3-9474-1A3956D46DE8}") = "src", "src", "{1DA7FC2B-80A5-40D3-A006-065032679965}"
EndProject
Project("{FAE04EC0-301F-11D3-BF4B-00C04F79EFBC}") = "doQbiz.DMS.Wireframe", "doQbiz.DMS.Wireframe\doQbiz.DMS.Wireframe\doQbiz.DMS.Wireframe.csproj", "{94C2381F-CEC4-4087-833E-07F078661A16}"
EndProject
Project("{FAE04EC0-301F-11D3-BF4B-00C04F79EFBC}") = "DAL", "doQbiz.DMS.Wireframe\DAL\DAL.csproj", "{EE179893-2618-4CB3-A7F0-45E6871598F0}"
EndProject
Global
	GlobalSection(SolutionConfigurationPlatforms) = preSolution
		Debug|Any CPU = Debug|Any CPU
		Release|Any CPU = Release|Any CPU
	EndGlobalSection
	GlobalSection(ProjectConfigurationPlatforms) = postSolution
		{94C2381F-CEC4-4087-833E-07F078661A16}.Debug|Any CPU.ActiveCfg = Debug|Any CPU
		{94C2381F-CEC4-4087-833E-07F078661A16}.Debug|Any CPU.Build.0 = Debug|Any CPU
		{94C2381F-CEC4-4087-833E-07F078661A16}.Release|Any CPU.ActiveCfg = Release|Any CPU
		{94C2381F-CEC4-4087-833E-07F078661A16}.Release|Any CPU.Build.0 = Release|Any CPU
		{EE179893-2618-4CB3-A7F0-45E6871598F0}.Debug|Any CPU.ActiveCfg = Debug|Any CPU
		{EE179893-2618-4CB3-A7F0-45E6871598F0}.Debug|Any CPU.Build.0 = Debug|Any CPU
		{EE179893-2618-4CB3-A7F0-45E6871598F0}.Release|Any CPU.ActiveCfg = Release|Any CPU
		{EE179893-2618-4CB3-A7F0-45E6871598F0}.Release|Any CPU.Build.0 = Release|Any CPU
	EndGlobalSection
	GlobalSection(SolutionProperties) = preSolution
		HideSolutionNode = FALSE
	EndGlobalSection
	GlobalSection(NestedProjects) = preSolution
		{94C2381F-CEC4-4087-833E-07F078661A16} = {1DA7FC2B-80A5-40D3-A006-065032679965}
		{EE179893-2618-4CB3-A7F0-45E6871598F0} = {1DA7FC2B-80A5-40D3-A006-065032679965}
	EndGlobalSection
	GlobalSection(ExtensibilityGlobals) = postSolution
		SolutionGuid = {6C6F44E3-FB45-4D45-81FA-60448C99BDCA}
	EndGlobalSection
EndGlobal
